<?xml version="1.0" encoding="utf-8"?>
<Project ToolsVersion="4.0" xmlns="http://schemas.microsoft.com/developer/msbuild/2003">
  <ItemGroup>
    <Filter Include="Archivos de origen">
      <UniqueIdentifier>{4FC737F1-C7A5-4376-A066-2A32D752A2FF}</UniqueIdentifier>
      <Extensions>cpp;c;cc;cxx;c++;cppm;ixx;def;odl;idl;hpj;bat;asm;asmx</Extensions>
    </Filter>
    <Filter Include="Archivos de encabezado">
      <UniqueIdentifier>{93995380-89BD-4b04-88EB-625FBE52EBFB}</UniqueIdentifier>
      <Extensions>h;hh;hpp;hxx;h++;hm;inl;inc;ipp;xsd</Extensions>
    </Filter>
    <Filter Include="Archivos de recursos">
      <UniqueIdentifier>{67DA6AB6-F800-4c08-8B7A-83BB121AAD01}</UniqueIdentifier>
      <Extensions>rc;ico;cur;bmp;dlg;rc2;rct;bin;rgs;gif;jpg;jpeg;jpe;resx;tiff;tif;png;wav;mfcribbon-ms</Extensions>
    </Filter>
    <Filter Include="Archivos de encabezado\Core">
      <UniqueIdentifier>{121d3c3c-3d04-4e25-9f8c-49062f1d2380}</UniqueIdentifier>
    </Filter>
    <Filter Include="Archivos de encabezado\ECS">
      <UniqueIdentifier>{d08e65bb-7e21-43b9-beac-cc46d55a78d8}</UniqueIdentifier>
    </Filter>
    <Filter Include="Archivos de encabezado\ECS\Systems">
      <UniqueIdentifier>{cbea2cfb-25de-4fed-a8ba-bd4ce6fac106}</UniqueIdentifier>
    </Filter>
    <Filter Include="Archivos de encabezado\ECS\Components">
      <UniqueIdentifier>{d71c129f-0e52-49db-b669-9cfe05040a74}</UniqueIdentifier>
    </Filter>
    <Filter Include="Archivos de encabezado\Imgui">
      <UniqueIdentifier>{c7aeed5b-a4ff-42f3-9764-4d9d68202e2c}</UniqueIdentifier>
    </Filter>
    <Filter Include="Archivos de origen\Imgui">
      <UniqueIdentifier>{3ecc687f-0dcc-4e34-9073-8f9ab7da0099}</UniqueIdentifier>
    </Filter>
    <Filter Include="Archivos de origen\Core">
      <UniqueIdentifier>{6e375ca1-6a34-4a1d-927a-e6cf57f0ff98}</UniqueIdentifier>
    </Filter>
    <Filter Include="Archivos de origen\ECS">
      <UniqueIdentifier>{66524113-fda4-409b-9895-e64d305981b5}</UniqueIdentifier>
    </Filter>
    <Filter Include="Archivos de origen\ECS\Components">
      <UniqueIdentifier>{dd20f12d-62b4-45c3-a7b4-cecfa87599c4}</UniqueIdentifier>
    </Filter>
    <Filter Include="Archivos de origen\ECS\Systems">
      <UniqueIdentifier>{3826c58f-114f-40ac-bb92-08924d12c0ca}</UniqueIdentifier>
    </Filter>
  </ItemGroup>
  <ItemGroup>
    <ClCompile Include="source\Core\Window.cpp">
      <Filter>Archivos de origen\Core</Filter>
    </ClCompile>
    <ClCompile Include="source\Core\CShape.cpp">
      <Filter>Archivos de origen\Core</Filter>
    </ClCompile>
    <ClCompile Include="..\ThirdParties\imgui-docking\imgui.cpp">
      <Filter>Archivos de origen\Imgui</Filter>
    </ClCompile>
    <ClCompile Include="..\ThirdParties\imgui-docking\imgui_demo.cpp">
      <Filter>Archivos de origen\Imgui</Filter>
    </ClCompile>
    <ClCompile Include="..\ThirdParties\imgui-docking\imgui_draw.cpp">
      <Filter>Archivos de origen\Imgui</Filter>
    </ClCompile>
    <ClCompile Include="..\ThirdParties\imgui-docking\imgui_tables.cpp">
      <Filter>Archivos de origen\Imgui</Filter>
    </ClCompile>
    <ClCompile Include="..\ThirdParties\imgui-docking\imgui_widgets.cpp">
      <Filter>Archivos de origen\Imgui</Filter>
    </ClCompile>
    <ClCompile Include="..\ThirdParties\imgui-sfml-3.0\imgui-SFML.cpp">
      <Filter>Archivos de origen\Imgui</Filter>
    </ClCompile>
    <ClCompile Include="source\main.cpp">
      <Filter>Archivos de origen</Filter>
    </ClCompile>
    <ClCompile Include="include\ECS\SparseSet.cpp">
      <Filter>Archivos de origen\ECS\Components</Filter>
    </ClCompile>
    <ClCompile Include="source\ECS\Components\Path.cpp">
      <Filter>Archivos de origen\ECS\Components</Filter>
    </ClCompile>
    <ClCompile Include="source\ECS\Systems\Render.cpp">
      <Filter>Archivos de origen\ECS\Systems</Filter>
    </ClCompile>
    <ClCompile Include="source\ECS\Systems\RenderSystem.cpp">
      <Filter>Archivos de origen\ECS\Systems</Filter>
    </ClCompile>
    <ClCompile Include="source\ECS\Components\Sprite.cpp">
      <Filter>Archivos de origen\ECS\Components</Filter>
    </ClCompile>
    <ClCompile Include="source\ECS\Systems\IASystem.cpp">
      <Filter>Archivos de origen\ECS\Systems</Filter>
    </ClCompile>
  </ItemGroup>
  <ItemGroup>
    <ClInclude Include="include\prerequisites.h">
      <Filter>Archivos de encabezado</Filter>
    </ClInclude>
    <ClInclude Include="include\Core\Window.h">
      <Filter>Archivos de encabezado\Core</Filter>
    </ClInclude>
    <ClInclude Include="include\Core\CShape.h">
      <Filter>Archivos de encabezado\Core</Filter>
    </ClInclude>
    <ClInclude Include="include\ECS\Types.h">
      <Filter>Archivos de encabezado\ECS</Filter>
    </ClInclude>
    <ClInclude Include="include\ECS\SparseSet.h">
      <Filter>Archivos de encabezado\ECS</Filter>
    </ClInclude>
    <ClInclude Include="include\ECS\ComponentPool.h">
      <Filter>Archivos de encabezado\ECS</Filter>
    </ClInclude>
    <ClInclude Include="include\ECS\View.h">
      <Filter>Archivos de encabezado\ECS</Filter>
    </ClInclude>
    <ClInclude Include="include\ECS\Registry.h">
      <Filter>Archivos de encabezado\ECS</Filter>
    </ClInclude>
    <ClInclude Include="include\ECS\System.h">
      <Filter>Archivos de encabezado\ECS</Filter>
    </ClInclude>
    <ClInclude Include="include\ECS\Components\Transform.h">
      <Filter>Archivos de encabezado\ECS\Components</Filter>
    </ClInclude>
    <ClInclude Include="include\ECS\Systems\RenderSystem.h">
      <Filter>Archivos de encabezado\ECS\Systems</Filter>
    </ClInclude>
    <ClInclude Include="include\ECS\Components\Camera.h">
      <Filter>Archivos de encabezado\ECS\Components</Filter>
    </ClInclude>
    <ClInclude Include="include\ECS\Systems\CameraSystem.h">
      <Filter>Archivos de encabezado\ECS\Systems</Filter>
    </ClInclude>
    <ClInclude Include="include\ECS\Systems\UISystem.h">
      <Filter>Archivos de encabezado\ECS\Systems</Filter>
    </ClInclude>
    <ClInclude Include="include\ECS\Components\Steering.h">
      <Filter>Archivos de encabezado\ECS\Components</Filter>
    </ClInclude>
    <ClInclude Include="include\ECS\Systems\SteeringSystem.h">
      <Filter>Archivos de encabezado\ECS\Systems</Filter>
    </ClInclude>
    <ClInclude Include="include\ECS\Components\Sprite.h">
      <Filter>Archivos de encabezado\ECS\Components</Filter>
    </ClInclude>
    <ClInclude Include="include\ECS\Components\Physics.h">
      <Filter>Archivos de encabezado\ECS\Components</Filter>
    </ClInclude>
    <ClInclude Include="include\ECS\Components\LapCounter.h">
      <Filter>Archivos de encabezado\ECS\Components</Filter>
    </ClInclude>
    <ClInclude Include="include\ECS\Components\Obstacle.h">
      <Filter>Archivos de encabezado\ECS\Components</Filter>
    </ClInclude>
    <ClInclude Include="include\ECS\Components\Path.h">
      <Filter>Archivos de encabezado\ECS\Components</Filter>
    </ClInclude>
    <ClInclude Include="include\ECS\Systems\IASystem.h">
      <Filter>Archivos de encabezado\ECS\Systems</Filter>
    </ClInclude>
    <ClInclude Include="include\ECS\Components\Render.h">
      <Filter>Archivos de encabezado\ECS\Components</Filter>
    </ClInclude>
    <ClInclude Include="include\ECS\Components\SteeringTarget.h">
      <Filter>Archivos de encabezado\ECS\Components</Filter>
    </ClInclude>
  </ItemGroup>
</Project>